
Microsoft Visual Studio Solution File, Format Version 12.00
# Visual Studio 14
VisualStudioVersion = 14.0.25420.1
MinimumVisualStudioVersion = 10.0.40219.1
Project("{FAE04EC0-301F-11D3-BF4B-00C04F79EFBC}") = "Holoholona.Web", "Holoholona\Holoholona.Web.csproj", "{1FF1D6E9-4231-4FD8-8E60-6FA583C2D427}"
EndProject
Project("{FAE04EC0-301F-11D3-BF4B-00C04F79EFBC}") = "Holoholona.Web.Tests", "Holoholona.Tests\Holoholona.Web.Tests.csproj", "{6C60110D-EAA0-4554-BF89-0220B3A0410E}"
EndProject
Project("{FAE04EC0-301F-11D3-BF4B-00C04F79EFBC}") = "Holoholona.Services", "Holoholona.Services\Holoholona.Services.csproj", "{4999BD94-4FC9-4B2B-AA39-A60E8D3FC871}"
EndProject
Project("{FAE04EC0-301F-11D3-BF4B-00C04F79EFBC}") = "Holoholona.Entities", "Holoholona.Entities\Holoholona.Entities.csproj", "{244ACECB-39DA-4015-83AA-7224B64EFCAF}"
EndProject
Project("{FAE04EC0-301F-11D3-BF4B-00C04F79EFBC}") = "Holoholona.Services.Tests", "Holoholona.Services.Tests\Holoholona.Services.Tests.csproj", "{19F7418A-B27A-4FDD-B090-EE9248C2D773}"
EndProject
Global
	GlobalSection(SolutionConfigurationPlatforms) = preSolution
		Debug|Any CPU = Debug|Any CPU
		Release|Any CPU = Release|Any CPU
	EndGlobalSection
	GlobalSection(ProjectConfigurationPlatforms) = postSolution
		{1FF1D6E9-4231-4FD8-8E60-6FA583C2D427}.Debug|Any CPU.ActiveCfg = Debug|Any CPU
		{1FF1D6E9-4231-4FD8-8E60-6FA583C2D427}.Debug|Any CPU.Build.0 = Debug|Any CPU
		{1FF1D6E9-4231-4FD8-8E60-6FA583C2D427}.Release|Any CPU.ActiveCfg = Release|Any CPU
		{1FF1D6E9-4231-4FD8-8E60-6FA583C2D427}.Release|Any CPU.Build.0 = Release|Any CPU
		{6C60110D-EAA0-4554-BF89-0220B3A0410E}.Debug|Any CPU.ActiveCfg = Debug|Any CPU
		{6C60110D-EAA0-4554-BF89-0220B3A0410E}.Debug|Any CPU.Build.0 = Debug|Any CPU
		{6C60110D-EAA0-4554-BF89-0220B3A0410E}.Release|Any CPU.ActiveCfg = Release|Any CPU
		{6C60110D-EAA0-4554-BF89-0220B3A0410E}.Release|Any CPU.Build.0 = Release|Any CPU
		{4999BD94-4FC9-4B2B-AA39-A60E8D3FC871}.Debug|Any CPU.ActiveCfg = Debug|Any CPU
		{4999BD94-4FC9-4B2B-AA39-A60E8D3FC871}.Debug|Any CPU.Build.0 = Debug|Any CPU
		{4999BD94-4FC9-4B2B-AA39-A60E8D3FC871}.Release|Any CPU.ActiveCfg = Release|Any CPU
		{4999BD94-4FC9-4B2B-AA39-A60E8D3FC871}.Release|Any CPU.Build.0 = Release|Any CPU
		{244ACECB-39DA-4015-83AA-7224B64EFCAF}.Debug|Any CPU.ActiveCfg = Debug|Any CPU
		{244ACECB-39DA-4015-83AA-7224B64EFCAF}.Debug|Any CPU.Build.0 = Debug|Any CPU
		{244ACECB-39DA-4015-83AA-7224B64EFCAF}.Release|Any CPU.ActiveCfg = Release|Any CPU
		{244ACECB-39DA-4015-83AA-7224B64EFCAF}.Release|Any CPU.Build.0 = Release|Any CPU
		{19F7418A-B27A-4FDD-B090-EE9248C2D773}.Debug|Any CPU.ActiveCfg = Debug|Any CPU
		{19F7418A-B27A-4FDD-B090-EE9248C2D773}.Debug|Any CPU.Build.0 = Debug|Any CPU
		{19F7418A-B27A-4FDD-B090-EE9248C2D773}.Release|Any CPU.ActiveCfg = Release|Any CPU
		{19F7418A-B27A-4FDD-B090-EE9248C2D773}.Release|Any CPU.Build.0 = Release|Any CPU
	EndGlobalSection
	GlobalSection(SolutionProperties) = preSolution
		HideSolutionNode = FALSE
	EndGlobalSection
EndGlobal
